
Microsoft Visual Studio Solution File, Format Version 12.00
# Visual Studio Version 16
VisualStudioVersion = 16.0.31321.278
MinimumVisualStudioVersion = 10.0.40219.1
Project("{FAE04EC0-301F-11D3-BF4B-00C04F79EFBC}") = "RVAS_Bicikle", "RVAS_Bicikle\RVAS_Bicikle.csproj", "{1BE155C3-A6B0-4D1F-8EC3-A85D98DCFE7A}"
EndProject
Global
	GlobalSection(SolutionConfigurationPlatforms) = preSolution
		Debug|Any CPU = Debug|Any CPU
		Release|Any CPU = Release|Any CPU
	EndGlobalSection
	GlobalSection(ProjectConfigurationPlatforms) = postSolution
		{1BE155C3-A6B0-4D1F-8EC3-A85D98DCFE7A}.Debug|Any CPU.ActiveCfg = Debug|Any CPU
		{1BE155C3-A6B0-4D1F-8EC3-A85D98DCFE7A}.Debug|Any CPU.Build.0 = Debug|Any CPU
		{1BE155C3-A6B0-4D1F-8EC3-A85D98DCFE7A}.Release|Any CPU.ActiveCfg = Release|Any CPU
		{1BE155C3-A6B0-4D1F-8EC3-A85D98DCFE7A}.Release|Any CPU.Build.0 = Release|Any CPU
	EndGlobalSection
	GlobalSection(SolutionProperties) = preSolution
		HideSolutionNode = FALSE
	EndGlobalSection
	GlobalSection(ExtensibilityGlobals) = postSolution
		SolutionGuid = {55BE7751-9362-42B5-9496-FAA2E2E41E36}
	EndGlobalSection
EndGlobal
